
Microsoft Visual Studio Solution File, Format Version 12.00
# Visual Studio Version 17
VisualStudioVersion = 17.14.36930.0 d17.14
MinimumVisualStudioVersion = 10.0.40219.1
Project("{FAE04EC0-301F-11D3-BF4B-00C04F79EFBC}") = "berpartner admin", "berpartner admin\berpartner admin.csproj", "{9FBFCE4E-E935-465E-AE31-6AE70480C4A1}"
EndProject
Global
	GlobalSection(SolutionConfigurationPlatforms) = preSolution
		Debug|Any CPU = Debug|Any CPU
		Release|Any CPU = Release|Any CPU
	EndGlobalSection
	GlobalSection(ProjectConfigurationPlatforms) = postSolution
		{9FBFCE4E-E935-465E-AE31-6AE70480C4A1}.Debug|Any CPU.ActiveCfg = Debug|Any CPU
		{9FBFCE4E-E935-465E-AE31-6AE70480C4A1}.Debug|Any CPU.Build.0 = Debug|Any CPU
		{9FBFCE4E-E935-465E-AE31-6AE70480C4A1}.Release|Any CPU.ActiveCfg = Release|Any CPU
		{9FBFCE4E-E935-465E-AE31-6AE70480C4A1}.Release|Any CPU.Build.0 = Release|Any CPU
	EndGlobalSection
	GlobalSection(SolutionProperties) = preSolution
		HideSolutionNode = FALSE
	EndGlobalSection
	GlobalSection(ExtensibilityGlobals) = postSolution
		SolutionGuid = {6862A4AF-B12C-4B2A-AA53-FFAA17C9CCD3}
	EndGlobalSection
EndGlobal
